
Microsoft Visual Studio Solution File, Format Version 12.00
# Visual Studio Version 17
VisualStudioVersion = 17.14.37203.1
MinimumVisualStudioVersion = 10.0.40219.1
Project("{FAE04EC0-301F-11D3-BF4B-00C04F79EFBC}") = "VideoGames", "VideoGames\VideoGames.csproj", "{2951EAEB-AC4D-4551-B70B-9D1BB77EE41B}"
EndProject
Project("{FAE04EC0-301F-11D3-BF4B-00C04F79EFBC}") = "VideoGames.BLL", "VidoGamesBLL\VideoGames.BLL.csproj", "{1634D6E5-4C2E-4F02-99A2-41DF0232525D}"
EndProject
Project("{FAE04EC0-301F-11D3-BF4B-00C04F79EFBC}") = "VideoGames.DAL", "VideoGames.DAL\VideoGames.DAL.csproj", "{F6A8FBF2-410B-488F-9665-8C70B35F49C7}"
EndProject
Global
	GlobalSection(SolutionConfigurationPlatforms) = preSolution
		Debug|Any CPU = Debug|Any CPU
		Release|Any CPU = Release|Any CPU
	EndGlobalSection
	GlobalSection(ProjectConfigurationPlatforms) = postSolution
		{2951EAEB-AC4D-4551-B70B-9D1BB77EE41B}.Debug|Any CPU.ActiveCfg = Debug|Any CPU
		{2951EAEB-AC4D-4551-B70B-9D1BB77EE41B}.Debug|Any CPU.Build.0 = Debug|Any CPU
		{2951EAEB-AC4D-4551-B70B-9D1BB77EE41B}.Release|Any CPU.ActiveCfg = Release|Any CPU
		{2951EAEB-AC4D-4551-B70B-9D1BB77EE41B}.Release|Any CPU.Build.0 = Release|Any CPU
		{1634D6E5-4C2E-4F02-99A2-41DF0232525D}.Debug|Any CPU.ActiveCfg = Debug|Any CPU
		{1634D6E5-4C2E-4F02-99A2-41DF0232525D}.Debug|Any CPU.Build.0 = Debug|Any CPU
		{1634D6E5-4C2E-4F02-99A2-41DF0232525D}.Release|Any CPU.ActiveCfg = Release|Any CPU
		{1634D6E5-4C2E-4F02-99A2-41DF0232525D}.Release|Any CPU.Build.0 = Release|Any CPU
		{F6A8FBF2-410B-488F-9665-8C70B35F49C7}.Debug|Any CPU.ActiveCfg = Debug|Any CPU
		{F6A8FBF2-410B-488F-9665-8C70B35F49C7}.Debug|Any CPU.Build.0 = Debug|Any CPU
		{F6A8FBF2-410B-488F-9665-8C70B35F49C7}.Release|Any CPU.ActiveCfg = Release|Any CPU
		{F6A8FBF2-410B-488F-9665-8C70B35F49C7}.Release|Any CPU.Build.0 = Release|Any CPU
	EndGlobalSection
	GlobalSection(SolutionProperties) = preSolution
		HideSolutionNode = FALSE
	EndGlobalSection
	GlobalSection(ExtensibilityGlobals) = postSolution
		SolutionGuid = {4724C5BA-A538-49FE-9F5B-87821EA6F0EA}
	EndGlobalSection
EndGlobal
